{
    "_readme": [
        "This file locks the dependencies of your project to a known state",
        "Read more about it at https://getcomposer.org/doc/01-basic-usage.md#installing-dependencies",
        "This file is @generated automatically"
    ],
    "content-hash": "f2ef6972b1a078556dc968d4017925e7",
    "packages": [
        {
            "name": "fortifi/api",
            "version": "1.4.1",
            "source": {
                "type": "git",
                "url": "https://github.com/fortifi/api.git",
                "reference": "2537b43d471d84789301c919462909afd061ca68"
            },
            "dist": {
                "type": "zip",
                "url": "https://api.github.com/repos/fortifi/api/zipball/2537b43d471d84789301c919462909afd061ca68",
                "reference": "2537b43d471d84789301c919462909afd061ca68",
                "shasum": ""
            },
            "require": {
                "ext-json": "*",
                "packaged/helpers": "~1.1|~2.2"
            },
            "suggest": {
                "guzzlehttp/guzzle": "5.0 to use the Guzzle5Connection, or 6.0 to use the Guzzle6Connection",
                "rmccue/requests": "^=1.0 to use the RequestsConnection, or ^=2.0 to use the Requests2Connection"
            },
            "type": "library",
            "autoload": {
                "psr-4": {
                    "Fortifi\\Api\\Core\\": "src/",
                    "Fortifi\\Tests\\Api\\Core\\": "tests/"
                }
            },
            "notification-url": "https://packagist.org/downloads/",
            "description": "Fortifi Business Platform",
            "homepage": "http://fortifi.co",
            "support": {
                "issues": "https://github.com/fortifi/api/issues",
                "source": "https://github.com/fortifi/api/tree/1.4.1"
            },
            "time": "2025-11-06T11:04:58+00:00"
        },
        {
            "name": "fortifi/php-api",
            "version": "3.171.0",
            "source": {
                "type": "git",
                "url": "https://github.com/fortifi/php-api.git",
                "reference": "f5d3ff0c55b1d558bab9b824fe829e9ec9a8e4e7"
            },
            "dist": {
                "type": "zip",
                "url": "https://api.github.com/repos/fortifi/php-api/zipball/f5d3ff0c55b1d558bab9b824fe829e9ec9a8e4e7",
                "reference": "f5d3ff0c55b1d558bab9b824fe829e9ec9a8e4e7",
                "shasum": ""
            },
            "require": {
                "fortifi/api": "~1.2",
                "packaged/helpers": "~1.1|~2.2"
            },
            "type": "library",
            "autoload": {
                "psr-4": {
                    "Fortifi\\Api\\V1\\": "src/"
                }
            },
            "notification-url": "https://packagist.org/downloads/",
            "description": "Fortifi Business Platform",
            "homepage": "http://fortifi.io",
            "support": {
                "source": "https://github.com/fortifi/php-api/tree/3.171.0"
            },
            "time": "2025-10-21T11:21:48+00:00"
        },
        {
            "name": "packaged/helpers",
            "version": "2.16.1",
            "source": {
                "type": "git",
                "url": "https://github.com/packaged/helpers.git",
                "reference": "d11d735a66da73455239c70ccddece5e52bb9d7b"
            },
            "dist": {
                "type": "zip",
                "url": "https://api.github.com/repos/packaged/helpers/zipball/d11d735a66da73455239c70ccddece5e52bb9d7b",
                "reference": "d11d735a66da73455239c70ccddece5e52bb9d7b",
                "shasum": ""
            },
            "require": {
                "ext-json": "*",
                "php": ">=7.3"
            },
            "require-dev": {
                "phpunit/phpunit": "^9.0"
            },
            "type": "library",
            "autoload": {
                "psr-4": {
                    "Packaged\\Tests\\": "tests",
                    "Packaged\\Helpers\\": "src"
                }
            },
            "notification-url": "https://packagist.org/downloads/",
            "license": [
                "MIT"
            ],
            "authors": [
                {
                    "name": "Brooke Bryan",
                    "email": "brooke@bajb.net"
                }
            ],
            "description": "Generic PHP Helper Classes",
            "support": {
                "issues": "https://github.com/packaged/helpers/issues",
                "source": "https://github.com/packaged/helpers/tree/2.16.1"
            },
            "time": "2024-03-21T13:39:48+00:00"
        },
        {
            "name": "rmccue/requests",
            "version": "v2.0.15",
            "source": {
                "type": "git",
                "url": "https://github.com/WordPress/Requests.git",
                "reference": "877cd66169755899682f1595e057334b40d9d149"
            },
            "dist": {
                "type": "zip",
                "url": "https://api.github.com/repos/WordPress/Requests/zipball/877cd66169755899682f1595e057334b40d9d149",
                "reference": "877cd66169755899682f1595e057334b40d9d149",
                "shasum": ""
            },
            "require": {
                "ext-json": "*",
                "php": ">=5.6"
            },
            "require-dev": {
                "dealerdirect/phpcodesniffer-composer-installer": "^0.7",
                "php-parallel-lint/php-console-highlighter": "^0.5.0",
                "php-parallel-lint/php-parallel-lint": "^1.3.1",
                "phpcompatibility/php-compatibility": "^9.0",
                "requests/test-server": "dev-main",
                "roave/security-advisories": "dev-latest",
                "squizlabs/php_codesniffer": "^3.6",
                "wp-coding-standards/wpcs": "^2.0",
                "yoast/phpunit-polyfills": "^1.0.0"
            },
            "suggest": {
                "art4/requests-psr18-adapter": "For using Requests as a PSR-18 HTTP Client",
                "ext-curl": "For improved performance",
                "ext-openssl": "For secure transport support",
                "ext-zlib": "For improved performance when decompressing encoded streams"
            },
            "type": "library",
            "autoload": {
                "files": [
                    "library/Deprecated.php"
                ],
                "psr-4": {
                    "WpOrg\\Requests\\": "src/"
                },
                "classmap": [
                    "library/Requests.php"
                ]
            },
            "notification-url": "https://packagist.org/downloads/",
            "license": [
                "ISC"
            ],
            "authors": [
                {
                    "name": "Ryan McCue",
                    "homepage": "https://rmccue.io/"
                },
                {
                    "name": "Alain Schlesser",
                    "homepage": "https://github.com/schlessera"
                },
                {
                    "name": "Juliette Reinders Folmer",
                    "homepage": "https://github.com/jrfnl"
                },
                {
                    "name": "Contributors",
                    "homepage": "https://github.com/WordPress/Requests/graphs/contributors"
                }
            ],
            "description": "A HTTP library written in PHP, for human beings.",
            "homepage": "https://requests.ryanmccue.info/",
            "keywords": [
                "curl",
                "fsockopen",
                "http",
                "idna",
                "ipv6",
                "iri",
                "sockets"
            ],
            "support": {
                "docs": "https://requests.ryanmccue.info/",
                "issues": "https://github.com/WordPress/Requests/issues",
                "source": "https://github.com/WordPress/Requests"
            },
            "time": "2025-01-21T10:13:31+00:00"
        }
    ],
    "packages-dev": [],
    "aliases": [],
    "minimum-stability": "stable",
    "stability-flags": {},
    "prefer-stable": false,
    "prefer-lowest": false,
    "platform": {},
    "platform-dev": {},
    "plugin-api-version": "2.6.0"
}
